// !$*UTF8*$!
{
	archiveVersion = 1;
	classes = {
	};
	objectVersion = 46;
	objects = {

/* Begin PBXBuildFile section */
		2639011E1AE39A4B00F8458D /* main.cpp in Sources */ = {isa = PBXBuildFile; fileRef = 2639011D1AE39A4B00F8458D /* main.cpp */; };
		263901261AE39A5B00F8458D /* People.cpp in Sources */ = {isa = PBXBuildFile; fileRef = 263901241AE39A5B00F8458D /* People.cpp */; };
		263901291AE39F7F00F8458D /* Man.cpp in Sources */ = {isa = PBXBuildFile; fileRef = 263901271AE39F7F00F8458D /* Man.cpp */; };
/* End PBXBuildFile section */

/* Begin PBXCopyFilesBuildPhase section */
		263901181AE39A4B00F8458D /* CopyFiles */ = {
			isa = PBXCopyFilesBuildPhase;
			buildActionMask = 2147483647;
			dstPath = /usr/share/man/man1/;
			dstSubfolderSpec = 0;
			files = (
			);
			runOnlyForDeploymentPostprocessing = 1;
		};
/* End PBXCopyFilesBuildPhase section */

/* Begin PBXFileReference section */
		2639011A1AE39A4B00F8458D /* L03Classes */ = {isa = PBXFileReference; explicitFileType = "compiled.mach-o.executable"; includeInIndex = 0; path = L03Classes; sourceTree = BUILT_PRODUCTS_DIR; };
		2639011D1AE39A4B00F8458D /* main.cpp */ = {isa = PBXFileReference; lastKnownFileType = sourcecode.cpp.cpp; path = main.cpp; sourceTree = "<group>"; };
		263901241AE39A5B00F8458D /* People.cpp */ = {isa = PBXFileReference; fileEncoding = 4; lastKnownFileType = sourcecode.cpp.cpp; path = People.cpp; sourceTree = "<group>"; };
		263901251AE39A5B00F8458D /* People.h */ = {isa = PBXFileReference; fileEncoding = 4; lastKnownFileType = sourcecode.c.h; path = People.h; sourceTree = "<group>"; };
		263901271AE39F7F00F8458D /* Man.cpp */ = {isa = PBXFileReference; fileEncoding = 4; lastKnownFileType = sourcecode.cpp.cpp; path = Man.cpp; sourceTree = "<group>"; };
		263901281AE39F7F00F8458D /* Man.h */ = {isa = PBXFileReference; fileEncoding = 4; lastKnownFileType = sourcecode.c.h; path = Man.h; sourceTree = "<group>"; };
/* End PBXFileReference section */

/* Begin PBXFrameworksBuildPhase section */
		263901171AE39A4B00F8458D /* Frameworks */ = {
			isa = PBXFrameworksBuildPhase;
			buildActionMask = 2147483647;
			files = (
			);
			runOnlyForDeploymentPostprocessing = 0;
		};
/* End PBXFrameworksBuildPhase section */

/* Begin PBXGroup section */
		263901111AE39A4A00F8458D = {
			isa = PBXGroup;
			children = (
				2639011C1AE39A4B00F8458D /* L03Classes */,
				2639011B1AE39A4B00F8458D /* Products */,
			);
			sourceTree = "<group>";
		};
		2639011B1AE39A4B00F8458D /* Products */ = {
			isa = PBXGroup;
			children = (
				2639011A1AE39A4B00F8458D /* L03Classes */,
			);
			name = Products;
			sourceTree = "<group>";
		};
		2639011C1AE39A4B00F8458D /* L03Classes */ = {
			isa = PBXGroup;
			children = (
				2639011D1AE39A4B00F8458D /* main.cpp */,
				263901241AE39A5B00F8458D /* People.cpp */,
				263901251AE39A5B00F8458D /* People.h */,
				263901271AE39F7F00F8458D /* Man.cpp */,
				263901281AE39F7F00F8458D /* Man.h */,
			);
			path = L03Classes;
			sourceTree = "<group>";
		};
/* End PBXGroup section */

/* Begin PBXNativeTarget section */
		263901191AE39A4B00F8458D /* L03Classes */ = {
			isa = PBXNativeTarget;
			buildConfigurationList = 263901211AE39A4B00F8458D /* Build configuration list for PBXNativeTarget "L03Classes" */;
			buildPhases = (
				263901161AE39A4B00F8458D /* Sources */,
				263901171AE39A4B00F8458D /* Frameworks */,
				263901181AE39A4B00F8458D /* CopyFiles */,
			);
			buildRules = (
			);
			dependencies = (
			);
			name = L03Classes;
			productName = L03Classes;
			productReference = 2639011A1AE39A4B00F8458D /* L03Classes */;
			productType = "com.apple.product-type.tool";
		};
/* End PBXNativeTarget section */

/* Begin PBXProject section */
		263901121AE39A4A00F8458D /* Project object */ = {
			isa = PBXProject;
			attributes = {
				LastUpgradeCheck = 0630;
				ORGANIZATIONNAME = TEAM;
				TargetAttributes = {
					263901191AE39A4B00F8458D = {
						CreatedOnToolsVersion = 6.3;
					};
				};
			};
			buildConfigurationList = 263901151AE39A4A00F8458D /* Build configuration list for PBXProject "L03Classes" */;
			compatibilityVersion = "Xcode 3.2";
			developmentRegion = English;
			hasScannedForEncodings = 0;
			knownRegions = (
				en,
			);
			mainGroup = 263901111AE39A4A00F8458D;
			productRefGroup = 2639011B1AE39A4B00F8458D /* Products */;
			projectDirPath = "";
			projectRoot = "";
			targets = (
				263901191AE39A4B00F8458D /* L03Classes */,
			);
		};
/* End PBXProject section */

/* Begin PBXSourcesBuildPhase section */
		263901161AE39A4B00F8458D /* Sources */ = {
			isa = PBXSourcesBuildPhase;
			buildActionMask = 2147483647;
			files = (
				263901291AE39F7F00F8458D /* Man.cpp in Sources */,
				263901261AE39A5B00F8458D /* People.cpp in Sources */,
				2639011E1AE39A4B00F8458D /* main.cpp in Sources */,
			);
			runOnlyForDeploymentPostprocessing = 0;
		};
/* End PBXSourcesBuildPhase section */

/* Begin XCBuildConfiguration section */
		2639011F1AE39A4B00F8458D /* Debug */ = {
			isa = XCBuildConfiguration;
			buildSettings = {
				ALWAYS_SEARCH_USER_PATHS = NO;
				CLANG_CXX_LANGUAGE_STANDARD = "gnu++0x";
				CLANG_CXX_LIBRARY = "libc++";
				CLANG_ENABLE_MODULES = YES;
				CLANG_ENABLE_OBJC_ARC = YES;
				CLANG_WARN_BOOL_CONVERSION = YES;
				CLANG_WARN_CONSTANT_CONVERSION = YES;
				CLANG_WARN_DIRECT_OBJC_ISA_USAGE = YES_ERROR;
				CLANG_WARN_EMPTY_BODY = YES;
				CLANG_WARN_ENUM_CONVERSION = YES;
				CLANG_WARN_INT_CONVERSION = YES;
				CLANG_WARN_OBJC_ROOT_CLASS = YES_ERROR;
				CLANG_WARN_UNREACHABLE_CODE = YES;
				CLANG_WARN__DUPLICATE_METHOD_MATCH = YES;
				COPY_PHASE_STRIP = NO;
				DEBUG_INFORMATION_FORMAT = dwarf;
				ENABLE_STRICT_OBJC_MSGSEND = YES;
				GCC_C_LANGUAGE_STANDARD = gnu99;
				GCC_DYNAMIC_NO_PIC = NO;
				GCC_NO_COMMON_BLOCKS = YES;
				GCC_OPTIMIZATION_LEVEL = 0;
				GCC_PREPROCESSOR_DEFINITIONS = (
					"DEBUG=1",
					"$(inherited)",
				);
				GCC_SYMBOLS_PRIVATE_EXTERN = NO;
				GCC_WARN_64_TO_32_BIT_CONVERSION = YES;
				GCC_WARN_ABOUT_RETURN_TYPE = YES_ERROR;
				GCC_WARN_UNDECLARED_SELECTOR = YES;
				GCC_WARN_UNINITIALIZED_AUTOS = YES_AGGRESSIVE;
				GCC_WARN_UNUSED_FUNCTION = YES;
				GCC_WARN_UNUSED_VARIABLE = YES;
				MACOSX_DEPLOYMENT_TARGET = 10.10;
				MTL_ENABLE_DEBUG_INFO = YES;
				ONLY_ACTIVE_ARCH = YES;
				SDKROOT = macosx;
			};
			name = Debug;
		};
		263901201AE39A4B00F8458D /* Release */ = {
			isa = XCBuildConfiguration;
			buildSettings = {
				ALWAYS_SEARCH_USER_PATHS = NO;
				CLANG_CXX_LANGUAGE_STANDARD = "gnu++0x";
				CLANG_CXX_LIBRARY = "libc++";
				CLANG_ENABLE_MODULES = YES;
				CLANG_ENABLE_OBJC_ARC = YES;
				CLANG_WARN_BOOL_CONVERSION = YES;
				CLANG_WARN_CONSTANT_CONVERSION = YES;
				CLANG_WARN_DIRECT_OBJC_ISA_USAGE = YES_ERROR;
				CLANG_WARN_EMPTY_BODY = YES;
				CLANG_WARN_ENUM_CONVERSION = YES;
				CLANG_WARN_INT_CONVERSION = YES;
				CLANG_WARN_OBJC_ROOT_CLASS = YES_ERROR;
				CLANG_WARN_UNREACHABLE_CODE = YES;
				CLANG_WARN__DUPLICATE_METHOD_MATCH = YES;
				COPY_PHASE_STRIP = NO;
				DEBUG_INFORMATION_FORMAT = "dwarf-with-dsym";
				ENABLE_NS_ASSERTIONS = NO;
				ENABLE_STRICT_OBJC_MSGSEND = YES;
				GCC_C_LANGUAGE_STANDARD = gnu99;
				GCC_NO_COMMON_BLOCKS = YES;
				GCC_WARN_64_TO_32_BIT_CONVERSION = YES;
				GCC_WARN_ABOUT_RETURN_TYPE = YES_ERROR;
				GCC_WARN_UNDECLARED_SELECTOR = YES;
				GCC_WARN_UNINITIALIZED_AUTOS = YES_AGGRESSIVE;
				GCC_WARN_UNUSED_FUNCTION = YES;
				GCC_WARN_UNUSED_VARIABLE = YES;
				MACOSX_DEPLOYMENT_TARGET = 10.10;
				MTL_ENABLE_DEBUG_INFO = NO;
				SDKROOT = macosx;
			};
			name = Release;
		};
		263901221AE39A4B00F8458D /* Debug */ = {
			isa = XCBuildConfiguration;
			buildSettings = {
				PRODUCT_NAME = "$(TARGET_NAME)";
			};
			name = Debug;
		};
		263901231AE39A4B00F8458D /* Release */ = {
			isa = XCBuildConfiguration;
			buildSettings = {
				PRODUCT_NAME = "$(TARGET_NAME)";
			};
			name = Release;
		};
/* End XCBuildConfiguration section */

/* Begin XCConfigurationList section */
		263901151AE39A4A00F8458D /* Build configuration list for PBXProject "L03Classes" */ = {
			isa = XCConfigurationList;
			buildConfigurations = (
				2639011F1AE39A4B00F8458D /* Debug */,
				263901201AE39A4B00F8458D /* Release */,
			);
			defaultConfigurationIsVisible = 0;
			defaultConfigurationName = Release;
		};
		263901211AE39A4B00F8458D /* Build configuration list for PBXNativeTarget "L03Classes" */ = {
			isa = XCConfigurationList;
			buildConfigurations = (
				263901221AE39A4B00F8458D /* Debug */,
				263901231AE39A4B00F8458D /* Release */,
			);
			defaultConfigurationIsVisible = 0;
		};
/* End XCConfigurationList section */
	};
	rootObject = 263901121AE39A4A00F8458D /* Project object */;
}
