// !$*UTF8*$!
{
	archiveVersion = 1;
	classes = {
	};
	objectVersion = 46;
	objects = {

/* Begin PBXBuildFile section */
		2639014A1AE3A4F200F8458D /* main.cpp in Sources */ = {isa = PBXBuildFile; fileRef = 263901491AE3A4F200F8458D /* main.cpp */; };
		263901541AE3A50300F8458D /* Man.cpp in Sources */ = {isa = PBXBuildFile; fileRef = 263901501AE3A50300F8458D /* Man.cpp */; };
		263901551AE3A50300F8458D /* People.cpp in Sources */ = {isa = PBXBuildFile; fileRef = 263901521AE3A50300F8458D /* People.cpp */; };
/* End PBXBuildFile section */

/* Begin PBXCopyFilesBuildPhase section */
		263901441AE3A4F200F8458D /* CopyFiles */ = {
			isa = PBXCopyFilesBuildPhase;
			buildActionMask = 2147483647;
			dstPath = /usr/share/man/man1/;
			dstSubfolderSpec = 0;
			files = (
			);
			runOnlyForDeploymentPostprocessing = 1;
		};
/* End PBXCopyFilesBuildPhase section */

/* Begin PBXFileReference section */
		263901461AE3A4F200F8458D /* L05SuperCMethod */ = {isa = PBXFileReference; explicitFileType = "compiled.mach-o.executable"; includeInIndex = 0; path = L05SuperCMethod; sourceTree = BUILT_PRODUCTS_DIR; };
		263901491AE3A4F200F8458D /* main.cpp */ = {isa = PBXFileReference; lastKnownFileType = sourcecode.cpp.cpp; path = main.cpp; sourceTree = "<group>"; };
		263901501AE3A50300F8458D /* Man.cpp */ = {isa = PBXFileReference; fileEncoding = 4; lastKnownFileType = sourcecode.cpp.cpp; path = Man.cpp; sourceTree = "<group>"; };
		263901511AE3A50300F8458D /* Man.h */ = {isa = PBXFileReference; fileEncoding = 4; lastKnownFileType = sourcecode.c.h; path = Man.h; sourceTree = "<group>"; };
		263901521AE3A50300F8458D /* People.cpp */ = {isa = PBXFileReference; fileEncoding = 4; lastKnownFileType = sourcecode.cpp.cpp; path = People.cpp; sourceTree = "<group>"; };
		263901531AE3A50300F8458D /* People.h */ = {isa = PBXFileReference; fileEncoding = 4; lastKnownFileType = sourcecode.c.h; path = People.h; sourceTree = "<group>"; };
/* End PBXFileReference section */

/* Begin PBXFrameworksBuildPhase section */
		263901431AE3A4F200F8458D /* Frameworks */ = {
			isa = PBXFrameworksBuildPhase;
			buildActionMask = 2147483647;
			files = (
			);
			runOnlyForDeploymentPostprocessing = 0;
		};
/* End PBXFrameworksBuildPhase section */

/* Begin PBXGroup section */
		2639013D1AE3A4F200F8458D = {
			isa = PBXGroup;
			children = (
				263901481AE3A4F200F8458D /* L05SuperCMethod */,
				263901471AE3A4F200F8458D /* Products */,
			);
			sourceTree = "<group>";
		};
		263901471AE3A4F200F8458D /* Products */ = {
			isa = PBXGroup;
			children = (
				263901461AE3A4F200F8458D /* L05SuperCMethod */,
			);
			name = Products;
			sourceTree = "<group>";
		};
		263901481AE3A4F200F8458D /* L05SuperCMethod */ = {
			isa = PBXGroup;
			children = (
				263901491AE3A4F200F8458D /* main.cpp */,
				263901501AE3A50300F8458D /* Man.cpp */,
				263901511AE3A50300F8458D /* Man.h */,
				263901521AE3A50300F8458D /* People.cpp */,
				263901531AE3A50300F8458D /* People.h */,
			);
			path = L05SuperCMethod;
			sourceTree = "<group>";
		};
/* End PBXGroup section */

/* Begin PBXNativeTarget section */
		263901451AE3A4F200F8458D /* L05SuperCMethod */ = {
			isa = PBXNativeTarget;
			buildConfigurationList = 2639014D1AE3A4F200F8458D /* Build configuration list for PBXNativeTarget "L05SuperCMethod" */;
			buildPhases = (
				263901421AE3A4F200F8458D /* Sources */,
				263901431AE3A4F200F8458D /* Frameworks */,
				263901441AE3A4F200F8458D /* CopyFiles */,
			);
			buildRules = (
			);
			dependencies = (
			);
			name = L05SuperCMethod;
			productName = L05SuperCMethod;
			productReference = 263901461AE3A4F200F8458D /* L05SuperCMethod */;
			productType = "com.apple.product-type.tool";
		};
/* End PBXNativeTarget section */

/* Begin PBXProject section */
		2639013E1AE3A4F200F8458D /* Project object */ = {
			isa = PBXProject;
			attributes = {
				LastUpgradeCheck = 0630;
				ORGANIZATIONNAME = TEAM;
				TargetAttributes = {
					263901451AE3A4F200F8458D = {
						CreatedOnToolsVersion = 6.3;
					};
				};
			};
			buildConfigurationList = 263901411AE3A4F200F8458D /* Build configuration list for PBXProject "L05SuperCMethod" */;
			compatibilityVersion = "Xcode 3.2";
			developmentRegion = English;
			hasScannedForEncodings = 0;
			knownRegions = (
				en,
			);
			mainGroup = 2639013D1AE3A4F200F8458D;
			productRefGroup = 263901471AE3A4F200F8458D /* Products */;
			projectDirPath = "";
			projectRoot = "";
			targets = (
				263901451AE3A4F200F8458D /* L05SuperCMethod */,
			);
		};
/* End PBXProject section */

/* Begin PBXSourcesBuildPhase section */
		263901421AE3A4F200F8458D /* Sources */ = {
			isa = PBXSourcesBuildPhase;
			buildActionMask = 2147483647;
			files = (
				263901541AE3A50300F8458D /* Man.cpp in Sources */,
				263901551AE3A50300F8458D /* People.cpp in Sources */,
				2639014A1AE3A4F200F8458D /* main.cpp in Sources */,
			);
			runOnlyForDeploymentPostprocessing = 0;
		};
/* End PBXSourcesBuildPhase section */

/* Begin XCBuildConfiguration section */
		2639014B1AE3A4F200F8458D /* Debug */ = {
			isa = XCBuildConfiguration;
			buildSettings = {
				ALWAYS_SEARCH_USER_PATHS = NO;
				CLANG_CXX_LANGUAGE_STANDARD = "gnu++0x";
				CLANG_CXX_LIBRARY = "libc++";
				CLANG_ENABLE_MODULES = YES;
				CLANG_ENABLE_OBJC_ARC = YES;
				CLANG_WARN_BOOL_CONVERSION = YES;
				CLANG_WARN_CONSTANT_CONVERSION = YES;
				CLANG_WARN_DIRECT_OBJC_ISA_USAGE = YES_ERROR;
				CLANG_WARN_EMPTY_BODY = YES;
				CLANG_WARN_ENUM_CONVERSION = YES;
				CLANG_WARN_INT_CONVERSION = YES;
				CLANG_WARN_OBJC_ROOT_CLASS = YES_ERROR;
				CLANG_WARN_UNREACHABLE_CODE = YES;
				CLANG_WARN__DUPLICATE_METHOD_MATCH = YES;
				COPY_PHASE_STRIP = NO;
				DEBUG_INFORMATION_FORMAT = dwarf;
				ENABLE_STRICT_OBJC_MSGSEND = YES;
				GCC_C_LANGUAGE_STANDARD = gnu99;
				GCC_DYNAMIC_NO_PIC = NO;
				GCC_NO_COMMON_BLOCKS = YES;
				GCC_OPTIMIZATION_LEVEL = 0;
				GCC_PREPROCESSOR_DEFINITIONS = (
					"DEBUG=1",
					"$(inherited)",
				);
				GCC_SYMBOLS_PRIVATE_EXTERN = NO;
				GCC_WARN_64_TO_32_BIT_CONVERSION = YES;
				GCC_WARN_ABOUT_RETURN_TYPE = YES_ERROR;
				GCC_WARN_UNDECLARED_SELECTOR = YES;
				GCC_WARN_UNINITIALIZED_AUTOS = YES_AGGRESSIVE;
				GCC_WARN_UNUSED_FUNCTION = YES;
				GCC_WARN_UNUSED_VARIABLE = YES;
				MACOSX_DEPLOYMENT_TARGET = 10.10;
				MTL_ENABLE_DEBUG_INFO = YES;
				ONLY_ACTIVE_ARCH = YES;
				SDKROOT = macosx;
			};
			name = Debug;
		};
		2639014C1AE3A4F200F8458D /* Release */ = {
			isa = XCBuildConfiguration;
			buildSettings = {
				ALWAYS_SEARCH_USER_PATHS = NO;
				CLANG_CXX_LANGUAGE_STANDARD = "gnu++0x";
				CLANG_CXX_LIBRARY = "libc++";
				CLANG_ENABLE_MODULES = YES;
				CLANG_ENABLE_OBJC_ARC = YES;
				CLANG_WARN_BOOL_CONVERSION = YES;
				CLANG_WARN_CONSTANT_CONVERSION = YES;
				CLANG_WARN_DIRECT_OBJC_ISA_USAGE = YES_ERROR;
				CLANG_WARN_EMPTY_BODY = YES;
				CLANG_WARN_ENUM_CONVERSION = YES;
				CLANG_WARN_INT_CONVERSION = YES;
				CLANG_WARN_OBJC_ROOT_CLASS = YES_ERROR;
				CLANG_WARN_UNREACHABLE_CODE = YES;
				CLANG_WARN__DUPLICATE_METHOD_MATCH = YES;
				COPY_PHASE_STRIP = NO;
				DEBUG_INFORMATION_FORMAT = "dwarf-with-dsym";
				ENABLE_NS_ASSERTIONS = NO;
				ENABLE_STRICT_OBJC_MSGSEND = YES;
				GCC_C_LANGUAGE_STANDARD = gnu99;
				GCC_NO_COMMON_BLOCKS = YES;
				GCC_WARN_64_TO_32_BIT_CONVERSION = YES;
				GCC_WARN_ABOUT_RETURN_TYPE = YES_ERROR;
				GCC_WARN_UNDECLARED_SELECTOR = YES;
				GCC_WARN_UNINITIALIZED_AUTOS = YES_AGGRESSIVE;
				GCC_WARN_UNUSED_FUNCTION = YES;
				GCC_WARN_UNUSED_VARIABLE = YES;
				MACOSX_DEPLOYMENT_TARGET = 10.10;
				MTL_ENABLE_DEBUG_INFO = NO;
				SDKROOT = macosx;
			};
			name = Release;
		};
		2639014E1AE3A4F200F8458D /* Debug */ = {
			isa = XCBuildConfiguration;
			buildSettings = {
				PRODUCT_NAME = "$(TARGET_NAME)";
			};
			name = Debug;
		};
		2639014F1AE3A4F200F8458D /* Release */ = {
			isa = XCBuildConfiguration;
			buildSettings = {
				PRODUCT_NAME = "$(TARGET_NAME)";
			};
			name = Release;
		};
/* End XCBuildConfiguration section */

/* Begin XCConfigurationList section */
		263901411AE3A4F200F8458D /* Build configuration list for PBXProject "L05SuperCMethod" */ = {
			isa = XCConfigurationList;
			buildConfigurations = (
				2639014B1AE3A4F200F8458D /* Debug */,
				2639014C1AE3A4F200F8458D /* Release */,
			);
			defaultConfigurationIsVisible = 0;
			defaultConfigurationName = Release;
		};
		2639014D1AE3A4F200F8458D /* Build configuration list for PBXNativeTarget "L05SuperCMethod" */ = {
			isa = XCConfigurationList;
			buildConfigurations = (
				2639014E1AE3A4F200F8458D /* Debug */,
				2639014F1AE3A4F200F8458D /* Release */,
			);
			defaultConfigurationIsVisible = 0;
		};
/* End XCConfigurationList section */
	};
	rootObject = 2639013E1AE3A4F200F8458D /* Project object */;
}
